
Microsoft Visual Studio Solution File, Format Version 12.00
# Visual Studio 15
VisualStudioVersion = 15.0.28307.271
MinimumVisualStudioVersion = 10.0.40219.1
Project("{9A19103F-16F7-4668-BE54-9A1E7A4F7556}") = "Stars", "Stars\Stars.csproj", "{2ACF368D-976E-406E-8A89-22426B4C9A4A}"
EndProject
Project("{FAE04EC0-301F-11D3-BF4B-00C04F79EFBC}") = "Stars.Tests", "Stars.Tests\Stars.Tests.csproj", "{0F72CF80-4074-4E21-844D-B4EB3F8B02D9}"
EndProject
Global
	GlobalSection(SolutionConfigurationPlatforms) = preSolution
		Debug|Any CPU = Debug|Any CPU
		Release|Any CPU = Release|Any CPU
	EndGlobalSection
	GlobalSection(ProjectConfigurationPlatforms) = postSolution
		{2ACF368D-976E-406E-8A89-22426B4C9A4A}.Debug|Any CPU.ActiveCfg = Debug|Any CPU
		{2ACF368D-976E-406E-8A89-22426B4C9A4A}.Debug|Any CPU.Build.0 = Debug|Any CPU
		{2ACF368D-976E-406E-8A89-22426B4C9A4A}.Release|Any CPU.ActiveCfg = Release|Any CPU
		{2ACF368D-976E-406E-8A89-22426B4C9A4A}.Release|Any CPU.Build.0 = Release|Any CPU
		{0F72CF80-4074-4E21-844D-B4EB3F8B02D9}.Debug|Any CPU.ActiveCfg = Debug|Any CPU
		{0F72CF80-4074-4E21-844D-B4EB3F8B02D9}.Debug|Any CPU.Build.0 = Debug|Any CPU
		{0F72CF80-4074-4E21-844D-B4EB3F8B02D9}.Release|Any CPU.ActiveCfg = Release|Any CPU
		{0F72CF80-4074-4E21-844D-B4EB3F8B02D9}.Release|Any CPU.Build.0 = Release|Any CPU
	EndGlobalSection
	GlobalSection(SolutionProperties) = preSolution
		HideSolutionNode = FALSE
	EndGlobalSection
	GlobalSection(ExtensibilityGlobals) = postSolution
		SolutionGuid = {A43074F6-5B61-4D00-B2E6-F7F1D4B6C4CD}
	EndGlobalSection
EndGlobal
